
Microsoft Visual Studio Solution File, Format Version 12.00
# Visual Studio Version 17
VisualStudioVersion = 17.12.35527.113 d17.12
MinimumVisualStudioVersion = 10.0.40219.1
Project("{FAE04EC0-301F-11D3-BF4B-00C04F79EFBC}") = "maze", "maze\maze.csproj", "{3DBC22B4-35AF-4131-86D9-1463EF5C8D91}"
EndProject
Global
	GlobalSection(SolutionConfigurationPlatforms) = preSolution
		Debug|Any CPU = Debug|Any CPU
		Release|Any CPU = Release|Any CPU
	EndGlobalSection
	GlobalSection(ProjectConfigurationPlatforms) = postSolution
		{3DBC22B4-35AF-4131-86D9-1463EF5C8D91}.Debug|Any CPU.ActiveCfg = Debug|Any CPU
		{3DBC22B4-35AF-4131-86D9-1463EF5C8D91}.Debug|Any CPU.Build.0 = Debug|Any CPU
		{3DBC22B4-35AF-4131-86D9-1463EF5C8D91}.Release|Any CPU.ActiveCfg = Release|Any CPU
		{3DBC22B4-35AF-4131-86D9-1463EF5C8D91}.Release|Any CPU.Build.0 = Release|Any CPU
	EndGlobalSection
	GlobalSection(SolutionProperties) = preSolution
		HideSolutionNode = FALSE
	EndGlobalSection
EndGlobal
